
Microsoft Visual Studio Solution File, Format Version 12.00
# Visual Studio 15
Project("{FAE04EC0-301F-11D3-BF4B-00C04F79EFBC}") = "XamarinBlank.Android", "XamarinBlank.Android\XamarinBlank.Android.csproj", "{426B2BA7-9E9E-4B88-B270-493885DAA99C}"
EndProject
Project("{FAE04EC0-301F-11D3-BF4B-00C04F79EFBC}") = "XamarinBlank.iOS", "XamarinBlank.iOS\XamarinBlank.iOS.csproj", "{BF2E34EE-B584-49CD-ABFA-1E353190FF88}"
EndProject
Project("{FAE04EC0-301F-11D3-BF4B-00C04F79EFBC}") = "XamarinBlank.UITests", "XamarinBlank.UITests\XamarinBlank.UITests.csproj", "{B19C892E-2628-4CA7-AD27-08D406A3B14B}"
EndProject
Project("{FAE04EC0-301F-11D3-BF4B-00C04F79EFBC}") = "XamarinBlank", "XamarinBlank\XamarinBlank.csproj", "{31540EC3-2606-42C3-92D3-C80FADFF515F}"
EndProject
Global
	GlobalSection(SolutionConfigurationPlatforms) = preSolution
		Debug|Any CPU = Debug|Any CPU
		Release|Any CPU = Release|Any CPU
		Debug|iPhoneSimulator = Debug|iPhoneSimulator
		Release|iPhoneSimulator = Release|iPhoneSimulator
		Debug|iPhone = Debug|iPhone
		Release|iPhone = Release|iPhone
		Ad-Hoc|iPhone = Ad-Hoc|iPhone
		AppStore|iPhone = AppStore|iPhone
	EndGlobalSection
	GlobalSection(ProjectConfigurationPlatforms) = postSolution
		{426B2BA7-9E9E-4B88-B270-493885DAA99C}.Debug|Any CPU.ActiveCfg = Debug|Any CPU
		{426B2BA7-9E9E-4B88-B270-493885DAA99C}.Debug|Any CPU.Build.0 = Debug|Any CPU
		{426B2BA7-9E9E-4B88-B270-493885DAA99C}.Release|Any CPU.ActiveCfg = Release|Any CPU
		{426B2BA7-9E9E-4B88-B270-493885DAA99C}.Release|Any CPU.Build.0 = Release|Any CPU
		{426B2BA7-9E9E-4B88-B270-493885DAA99C}.Debug|iPhoneSimulator.ActiveCfg = Debug|Any CPU
		{426B2BA7-9E9E-4B88-B270-493885DAA99C}.Debug|iPhoneSimulator.Build.0 = Debug|Any CPU
		{426B2BA7-9E9E-4B88-B270-493885DAA99C}.Release|iPhoneSimulator.ActiveCfg = Release|Any CPU
		{426B2BA7-9E9E-4B88-B270-493885DAA99C}.Release|iPhoneSimulator.Build.0 = Release|Any CPU
		{426B2BA7-9E9E-4B88-B270-493885DAA99C}.Debug|iPhone.ActiveCfg = Debug|Any CPU
		{426B2BA7-9E9E-4B88-B270-493885DAA99C}.Debug|iPhone.Build.0 = Debug|Any CPU
		{426B2BA7-9E9E-4B88-B270-493885DAA99C}.Release|iPhone.ActiveCfg = Release|Any CPU
		{426B2BA7-9E9E-4B88-B270-493885DAA99C}.Release|iPhone.Build.0 = Release|Any CPU
		{426B2BA7-9E9E-4B88-B270-493885DAA99C}.Ad-Hoc|iPhone.ActiveCfg = Debug|Any CPU
		{426B2BA7-9E9E-4B88-B270-493885DAA99C}.Ad-Hoc|iPhone.Build.0 = Debug|Any CPU
		{426B2BA7-9E9E-4B88-B270-493885DAA99C}.AppStore|iPhone.ActiveCfg = Debug|Any CPU
		{426B2BA7-9E9E-4B88-B270-493885DAA99C}.AppStore|iPhone.Build.0 = Debug|Any CPU
		{BF2E34EE-B584-49CD-ABFA-1E353190FF88}.Debug|Any CPU.ActiveCfg = Debug|iPhoneSimulator
		{BF2E34EE-B584-49CD-ABFA-1E353190FF88}.Debug|Any CPU.Build.0 = Debug|iPhoneSimulator
		{BF2E34EE-B584-49CD-ABFA-1E353190FF88}.Release|Any CPU.ActiveCfg = Release|iPhoneSimulator
		{BF2E34EE-B584-49CD-ABFA-1E353190FF88}.Release|Any CPU.Build.0 = Release|iPhoneSimulator
		{BF2E34EE-B584-49CD-ABFA-1E353190FF88}.Debug|iPhoneSimulator.ActiveCfg = Debug|iPhoneSimulator
		{BF2E34EE-B584-49CD-ABFA-1E353190FF88}.Debug|iPhoneSimulator.Build.0 = Debug|iPhoneSimulator
		{BF2E34EE-B584-49CD-ABFA-1E353190FF88}.Release|iPhoneSimulator.ActiveCfg = Release|iPhoneSimulator
		{BF2E34EE-B584-49CD-ABFA-1E353190FF88}.Release|iPhoneSimulator.Build.0 = Release|iPhoneSimulator
		{BF2E34EE-B584-49CD-ABFA-1E353190FF88}.Debug|iPhone.ActiveCfg = Debug|iPhone
		{BF2E34EE-B584-49CD-ABFA-1E353190FF88}.Debug|iPhone.Build.0 = Debug|iPhone
		{BF2E34EE-B584-49CD-ABFA-1E353190FF88}.Release|iPhone.ActiveCfg = Release|iPhone
		{BF2E34EE-B584-49CD-ABFA-1E353190FF88}.Release|iPhone.Build.0 = Release|iPhone
		{BF2E34EE-B584-49CD-ABFA-1E353190FF88}.Ad-Hoc|iPhone.ActiveCfg = Ad-Hoc|iPhone
		{BF2E34EE-B584-49CD-ABFA-1E353190FF88}.Ad-Hoc|iPhone.Build.0 = Ad-Hoc|iPhone
		{BF2E34EE-B584-49CD-ABFA-1E353190FF88}.AppStore|iPhone.ActiveCfg = AppStore|iPhone
		{BF2E34EE-B584-49CD-ABFA-1E353190FF88}.AppStore|iPhone.Build.0 = AppStore|iPhone
		{B19C892E-2628-4CA7-AD27-08D406A3B14B}.Debug|Any CPU.ActiveCfg = Debug|Any CPU
		{B19C892E-2628-4CA7-AD27-08D406A3B14B}.Debug|Any CPU.Build.0 = Debug|Any CPU
		{B19C892E-2628-4CA7-AD27-08D406A3B14B}.Release|Any CPU.ActiveCfg = Release|Any CPU
		{B19C892E-2628-4CA7-AD27-08D406A3B14B}.Release|Any CPU.Build.0 = Release|Any CPU
		{B19C892E-2628-4CA7-AD27-08D406A3B14B}.Debug|iPhoneSimulator.ActiveCfg = Debug|Any CPU
		{B19C892E-2628-4CA7-AD27-08D406A3B14B}.Debug|iPhoneSimulator.Build.0 = Debug|Any CPU
		{B19C892E-2628-4CA7-AD27-08D406A3B14B}.Release|iPhoneSimulator.ActiveCfg = Release|Any CPU
		{B19C892E-2628-4CA7-AD27-08D406A3B14B}.Release|iPhoneSimulator.Build.0 = Release|Any CPU
		{B19C892E-2628-4CA7-AD27-08D406A3B14B}.Debug|iPhone.ActiveCfg = Debug|Any CPU
		{B19C892E-2628-4CA7-AD27-08D406A3B14B}.Debug|iPhone.Build.0 = Debug|Any CPU
		{B19C892E-2628-4CA7-AD27-08D406A3B14B}.Release|iPhone.ActiveCfg = Release|Any CPU
		{B19C892E-2628-4CA7-AD27-08D406A3B14B}.Release|iPhone.Build.0 = Release|Any CPU
		{B19C892E-2628-4CA7-AD27-08D406A3B14B}.Ad-Hoc|iPhone.ActiveCfg = Debug|Any CPU
		{B19C892E-2628-4CA7-AD27-08D406A3B14B}.Ad-Hoc|iPhone.Build.0 = Debug|Any CPU
		{B19C892E-2628-4CA7-AD27-08D406A3B14B}.AppStore|iPhone.ActiveCfg = Debug|Any CPU
		{B19C892E-2628-4CA7-AD27-08D406A3B14B}.AppStore|iPhone.Build.0 = Debug|Any CPU
		{31540EC3-2606-42C3-92D3-C80FADFF515F}.Debug|Any CPU.ActiveCfg = Debug|Any CPU
		{31540EC3-2606-42C3-92D3-C80FADFF515F}.Debug|Any CPU.Build.0 = Debug|Any CPU
		{31540EC3-2606-42C3-92D3-C80FADFF515F}.Release|Any CPU.ActiveCfg = Release|Any CPU
		{31540EC3-2606-42C3-92D3-C80FADFF515F}.Release|Any CPU.Build.0 = Release|Any CPU
		{31540EC3-2606-42C3-92D3-C80FADFF515F}.Debug|iPhoneSimulator.ActiveCfg = Debug|Any CPU
		{31540EC3-2606-42C3-92D3-C80FADFF515F}.Debug|iPhoneSimulator.Build.0 = Debug|Any CPU
		{31540EC3-2606-42C3-92D3-C80FADFF515F}.Release|iPhoneSimulator.ActiveCfg = Release|Any CPU
		{31540EC3-2606-42C3-92D3-C80FADFF515F}.Release|iPhoneSimulator.Build.0 = Release|Any CPU
		{31540EC3-2606-42C3-92D3-C80FADFF515F}.Debug|iPhone.ActiveCfg = Debug|Any CPU
		{31540EC3-2606-42C3-92D3-C80FADFF515F}.Debug|iPhone.Build.0 = Debug|Any CPU
		{31540EC3-2606-42C3-92D3-C80FADFF515F}.Release|iPhone.ActiveCfg = Release|Any CPU
		{31540EC3-2606-42C3-92D3-C80FADFF515F}.Release|iPhone.Build.0 = Release|Any CPU
		{31540EC3-2606-42C3-92D3-C80FADFF515F}.Ad-Hoc|iPhone.ActiveCfg = Debug|Any CPU
		{31540EC3-2606-42C3-92D3-C80FADFF515F}.Ad-Hoc|iPhone.Build.0 = Debug|Any CPU
		{31540EC3-2606-42C3-92D3-C80FADFF515F}.AppStore|iPhone.ActiveCfg = Debug|Any CPU
		{31540EC3-2606-42C3-92D3-C80FADFF515F}.AppStore|iPhone.Build.0 = Debug|Any CPU
	EndGlobalSection
EndGlobal
